
Microsoft Visual Studio Solution File, Format Version 12.00
# Visual Studio Version 17
VisualStudioVersion = 17.6.33815.320
MinimumVisualStudioVersion = 10.0.40219.1
Project("{FAE04EC0-301F-11D3-BF4B-00C04F79EFBC}") = "AplikasiLatihanTiga", "AplikasiLatihanTiga\AplikasiLatihanTiga.csproj", "{C1EB15D8-7DA0-4E69-905F-10B1AF65A4FC}"
EndProject
Global
	GlobalSection(SolutionConfigurationPlatforms) = preSolution
		Debug|Any CPU = Debug|Any CPU
		Release|Any CPU = Release|Any CPU
	EndGlobalSection
	GlobalSection(ProjectConfigurationPlatforms) = postSolution
		{C1EB15D8-7DA0-4E69-905F-10B1AF65A4FC}.Debug|Any CPU.ActiveCfg = Debug|Any CPU
		{C1EB15D8-7DA0-4E69-905F-10B1AF65A4FC}.Debug|Any CPU.Build.0 = Debug|Any CPU
		{C1EB15D8-7DA0-4E69-905F-10B1AF65A4FC}.Release|Any CPU.ActiveCfg = Release|Any CPU
		{C1EB15D8-7DA0-4E69-905F-10B1AF65A4FC}.Release|Any CPU.Build.0 = Release|Any CPU
	EndGlobalSection
	GlobalSection(SolutionProperties) = preSolution
		HideSolutionNode = FALSE
	EndGlobalSection
	GlobalSection(ExtensibilityGlobals) = postSolution
		SolutionGuid = {9EBA2D64-69FF-4E27-AE0B-FA7E208D1EB6}
	EndGlobalSection
EndGlobal
